// !$*UTF8*$!
{
	archiveVersion = 1;
	classes = {
	};
	objectVersion = 50;
	objects = {

/* Begin PBXBuildFile section */
		9DCCE595265282630043FA49 /* AppDelegate.swift in Sources */ = {isa = PBXBuildFile; fileRef = 9DCCE594265282630043FA49 /* AppDelegate.swift */; };
		9DCCE597265282630043FA49 /* SceneDelegate.swift in Sources */ = {isa = PBXBuildFile; fileRef = 9DCCE596265282630043FA49 /* SceneDelegate.swift */; };
		9DCCE599265282630043FA49 /* ViewController.swift in Sources */ = {isa = PBXBuildFile; fileRef = 9DCCE598265282630043FA49 /* ViewController.swift */; };
		9DCCE59C265282630043FA49 /* Main.storyboard in Resources */ = {isa = PBXBuildFile; fileRef = 9DCCE59A265282630043FA49 /* Main.storyboard */; };
		9DCCE59F265282630043FA49 /* RedBus.xcdatamodeld in Sources */ = {isa = PBXBuildFile; fileRef = 9DCCE59D265282630043FA49 /* RedBus.xcdatamodeld */; };
		9DCCE5A1265282640043FA49 /* Assets.xcassets in Resources */ = {isa = PBXBuildFile; fileRef = 9DCCE5A0265282640043FA49 /* Assets.xcassets */; };
		9DCCE5A4265282640043FA49 /* LaunchScreen.storyboard in Resources */ = {isa = PBXBuildFile; fileRef = 9DCCE5A2265282640043FA49 /* LaunchScreen.storyboard */; };
		9DCCE5AF265282650043FA49 /* RedBusTests.swift in Sources */ = {isa = PBXBuildFile; fileRef = 9DCCE5AE265282650043FA49 /* RedBusTests.swift */; };
		9DCCE5BA265282650043FA49 /* RedBusUITests.swift in Sources */ = {isa = PBXBuildFile; fileRef = 9DCCE5B9265282650043FA49 /* RedBusUITests.swift */; };
/* End PBXBuildFile section */

/* Begin PBXContainerItemProxy section */
		9DCCE5AB265282650043FA49 /* PBXContainerItemProxy */ = {
			isa = PBXContainerItemProxy;
			containerPortal = 9DCCE589265282630043FA49 /* Project object */;
			proxyType = 1;
			remoteGlobalIDString = 9DCCE590265282630043FA49;
			remoteInfo = RedBus;
		};
		9DCCE5B6265282650043FA49 /* PBXContainerItemProxy */ = {
			isa = PBXContainerItemProxy;
			containerPortal = 9DCCE589265282630043FA49 /* Project object */;
			proxyType = 1;
			remoteGlobalIDString = 9DCCE590265282630043FA49;
			remoteInfo = RedBus;
		};
/* End PBXContainerItemProxy section */

/* Begin PBXFileReference section */
		9DCCE591265282630043FA49 /* RedBus.app */ = {isa = PBXFileReference; explicitFileType = wrapper.application; includeInIndex = 0; path = RedBus.app; sourceTree = BUILT_PRODUCTS_DIR; };
		9DCCE594265282630043FA49 /* AppDelegate.swift */ = {isa = PBXFileReference; lastKnownFileType = sourcecode.swift; path = AppDelegate.swift; sourceTree = "<group>"; };
		9DCCE596265282630043FA49 /* SceneDelegate.swift */ = {isa = PBXFileReference; lastKnownFileType = sourcecode.swift; path = SceneDelegate.swift; sourceTree = "<group>"; };
		9DCCE598265282630043FA49 /* ViewController.swift */ = {isa = PBXFileReference; lastKnownFileType = sourcecode.swift; path = ViewController.swift; sourceTree = "<group>"; };
		9DCCE59B265282630043FA49 /* Base */ = {isa = PBXFileReference; lastKnownFileType = file.storyboard; name = Base; path = Base.lproj/Main.storyboard; sourceTree = "<group>"; };
		9DCCE59E265282630043FA49 /* RedBus.xcdatamodel */ = {isa = PBXFileReference; lastKnownFileType = wrapper.xcdatamodel; path = RedBus.xcdatamodel; sourceTree = "<group>"; };
		9DCCE5A0265282640043FA49 /* Assets.xcassets */ = {isa = PBXFileReference; lastKnownFileType = folder.assetcatalog; path = Assets.xcassets; sourceTree = "<group>"; };
		9DCCE5A3265282640043FA49 /* Base */ = {isa = PBXFileReference; lastKnownFileType = file.storyboard; name = Base; path = Base.lproj/LaunchScreen.storyboard; sourceTree = "<group>"; };
		9DCCE5A5265282640043FA49 /* Info.plist */ = {isa = PBXFileReference; lastKnownFileType = text.plist.xml; path = Info.plist; sourceTree = "<group>"; };
		9DCCE5AA265282650043FA49 /* RedBusTests.xctest */ = {isa = PBXFileReference; explicitFileType = wrapper.cfbundle; includeInIndex = 0; path = RedBusTests.xctest; sourceTree = BUILT_PRODUCTS_DIR; };
		9DCCE5AE265282650043FA49 /* RedBusTests.swift */ = {isa = PBXFileReference; lastKnownFileType = sourcecode.swift; path = RedBusTests.swift; sourceTree = "<group>"; };
		9DCCE5B0265282650043FA49 /* Info.plist */ = {isa = PBXFileReference; lastKnownFileType = text.plist.xml; path = Info.plist; sourceTree = "<group>"; };
		9DCCE5B5265282650043FA49 /* RedBusUITests.xctest */ = {isa = PBXFileReference; explicitFileType = wrapper.cfbundle; includeInIndex = 0; path = RedBusUITests.xctest; sourceTree = BUILT_PRODUCTS_DIR; };
		9DCCE5B9265282650043FA49 /* RedBusUITests.swift */ = {isa = PBXFileReference; lastKnownFileType = sourcecode.swift; path = RedBusUITests.swift; sourceTree = "<group>"; };
		9DCCE5BB265282650043FA49 /* Info.plist */ = {isa = PBXFileReference; lastKnownFileType = text.plist.xml; path = Info.plist; sourceTree = "<group>"; };
/* End PBXFileReference section */

/* Begin PBXFrameworksBuildPhase section */
		9DCCE58E265282630043FA49 /* Frameworks */ = {
			isa = PBXFrameworksBuildPhase;
			buildActionMask = 2147483647;
			files = (
			);
			runOnlyForDeploymentPostprocessing = 0;
		};
		9DCCE5A7265282650043FA49 /* Frameworks */ = {
			isa = PBXFrameworksBuildPhase;
			buildActionMask = 2147483647;
			files = (
			);
			runOnlyForDeploymentPostprocessing = 0;
		};
		9DCCE5B2265282650043FA49 /* Frameworks */ = {
			isa = PBXFrameworksBuildPhase;
			buildActionMask = 2147483647;
			files = (
			);
			runOnlyForDeploymentPostprocessing = 0;
		};
/* End PBXFrameworksBuildPhase section */

/* Begin PBXGroup section */
		9DCCE588265282630043FA49 = {
			isa = PBXGroup;
			children = (
				9DCCE593265282630043FA49 /* RedBus */,
				9DCCE5AD265282650043FA49 /* RedBusTests */,
				9DCCE5B8265282650043FA49 /* RedBusUITests */,
				9DCCE592265282630043FA49 /* Products */,
			);
			sourceTree = "<group>";
		};
		9DCCE592265282630043FA49 /* Products */ = {
			isa = PBXGroup;
			children = (
				9DCCE591265282630043FA49 /* RedBus.app */,
				9DCCE5AA265282650043FA49 /* RedBusTests.xctest */,
				9DCCE5B5265282650043FA49 /* RedBusUITests.xctest */,
			);
			name = Products;
			sourceTree = "<group>";
		};
		9DCCE593265282630043FA49 /* RedBus */ = {
			isa = PBXGroup;
			children = (
				9DCCE594265282630043FA49 /* AppDelegate.swift */,
				9DCCE596265282630043FA49 /* SceneDelegate.swift */,
				9DCCE598265282630043FA49 /* ViewController.swift */,
				9DCCE59A265282630043FA49 /* Main.storyboard */,
				9DCCE5A0265282640043FA49 /* Assets.xcassets */,
				9DCCE5A2265282640043FA49 /* LaunchScreen.storyboard */,
				9DCCE5A5265282640043FA49 /* Info.plist */,
				9DCCE59D265282630043FA49 /* RedBus.xcdatamodeld */,
			);
			path = RedBus;
			sourceTree = "<group>";
		};
		9DCCE5AD265282650043FA49 /* RedBusTests */ = {
			isa = PBXGroup;
			children = (
				9DCCE5AE265282650043FA49 /* RedBusTests.swift */,
				9DCCE5B0265282650043FA49 /* Info.plist */,
			);
			path = RedBusTests;
			sourceTree = "<group>";
		};
		9DCCE5B8265282650043FA49 /* RedBusUITests */ = {
			isa = PBXGroup;
			children = (
				9DCCE5B9265282650043FA49 /* RedBusUITests.swift */,
				9DCCE5BB265282650043FA49 /* Info.plist */,
			);
			path = RedBusUITests;
			sourceTree = "<group>";
		};
/* End PBXGroup section */

/* Begin PBXNativeTarget section */
		9DCCE590265282630043FA49 /* RedBus */ = {
			isa = PBXNativeTarget;
			buildConfigurationList = 9DCCE5BE265282650043FA49 /* Build configuration list for PBXNativeTarget "RedBus" */;
			buildPhases = (
				9DCCE58D265282630043FA49 /* Sources */,
				9DCCE58E265282630043FA49 /* Frameworks */,
				9DCCE58F265282630043FA49 /* Resources */,
			);
			buildRules = (
			);
			dependencies = (
			);
			name = RedBus;
			productName = RedBus;
			productReference = 9DCCE591265282630043FA49 /* RedBus.app */;
			productType = "com.apple.product-type.application";
		};
		9DCCE5A9265282650043FA49 /* RedBusTests */ = {
			isa = PBXNativeTarget;
			buildConfigurationList = 9DCCE5C1265282650043FA49 /* Build configuration list for PBXNativeTarget "RedBusTests" */;
			buildPhases = (
				9DCCE5A6265282650043FA49 /* Sources */,
				9DCCE5A7265282650043FA49 /* Frameworks */,
				9DCCE5A8265282650043FA49 /* Resources */,
			);
			buildRules = (
			);
			dependencies = (
				9DCCE5AC265282650043FA49 /* PBXTargetDependency */,
			);
			name = RedBusTests;
			productName = RedBusTests;
			productReference = 9DCCE5AA265282650043FA49 /* RedBusTests.xctest */;
			productType = "com.apple.product-type.bundle.unit-test";
		};
		9DCCE5B4265282650043FA49 /* RedBusUITests */ = {
			isa = PBXNativeTarget;
			buildConfigurationList = 9DCCE5C4265282650043FA49 /* Build configuration list for PBXNativeTarget "RedBusUITests" */;
			buildPhases = (
				9DCCE5B1265282650043FA49 /* Sources */,
				9DCCE5B2265282650043FA49 /* Frameworks */,
				9DCCE5B3265282650043FA49 /* Resources */,
			);
			buildRules = (
			);
			dependencies = (
				9DCCE5B7265282650043FA49 /* PBXTargetDependency */,
			);
			name = RedBusUITests;
			productName = RedBusUITests;
			productReference = 9DCCE5B5265282650043FA49 /* RedBusUITests.xctest */;
			productType = "com.apple.product-type.bundle.ui-testing";
		};
/* End PBXNativeTarget section */

/* Begin PBXProject section */
		9DCCE589265282630043FA49 /* Project object */ = {
			isa = PBXProject;
			attributes = {
				LastSwiftUpdateCheck = 1250;
				LastUpgradeCheck = 1250;
				TargetAttributes = {
					9DCCE590265282630043FA49 = {
						CreatedOnToolsVersion = 12.5;
					};
					9DCCE5A9265282650043FA49 = {
						CreatedOnToolsVersion = 12.5;
						TestTargetID = 9DCCE590265282630043FA49;
					};
					9DCCE5B4265282650043FA49 = {
						CreatedOnToolsVersion = 12.5;
						TestTargetID = 9DCCE590265282630043FA49;
					};
				};
			};
			buildConfigurationList = 9DCCE58C265282630043FA49 /* Build configuration list for PBXProject "RedBus" */;
			compatibilityVersion = "Xcode 9.3";
			developmentRegion = en;
			hasScannedForEncodings = 0;
			knownRegions = (
				en,
				Base,
			);
			mainGroup = 9DCCE588265282630043FA49;
			productRefGroup = 9DCCE592265282630043FA49 /* Products */;
			projectDirPath = "";
			projectRoot = "";
			targets = (
				9DCCE590265282630043FA49 /* RedBus */,
				9DCCE5A9265282650043FA49 /* RedBusTests */,
				9DCCE5B4265282650043FA49 /* RedBusUITests */,
			);
		};
/* End PBXProject section */

/* Begin PBXResourcesBuildPhase section */
		9DCCE58F265282630043FA49 /* Resources */ = {
			isa = PBXResourcesBuildPhase;
			buildActionMask = 2147483647;
			files = (
				9DCCE5A4265282640043FA49 /* LaunchScreen.storyboard in Resources */,
				9DCCE5A1265282640043FA49 /* Assets.xcassets in Resources */,
				9DCCE59C265282630043FA49 /* Main.storyboard in Resources */,
			);
			runOnlyForDeploymentPostprocessing = 0;
		};
		9DCCE5A8265282650043FA49 /* Resources */ = {
			isa = PBXResourcesBuildPhase;
			buildActionMask = 2147483647;
			files = (
			);
			runOnlyForDeploymentPostprocessing = 0;
		};
		9DCCE5B3265282650043FA49 /* Resources */ = {
			isa = PBXResourcesBuildPhase;
			buildActionMask = 2147483647;
			files = (
			);
			runOnlyForDeploymentPostprocessing = 0;
		};
/* End PBXResourcesBuildPhase section */

/* Begin PBXSourcesBuildPhase section */
		9DCCE58D265282630043FA49 /* Sources */ = {
			isa = PBXSourcesBuildPhase;
			buildActionMask = 2147483647;
			files = (
				9DCCE59F265282630043FA49 /* RedBus.xcdatamodeld in Sources */,
				9DCCE599265282630043FA49 /* ViewController.swift in Sources */,
				9DCCE595265282630043FA49 /* AppDelegate.swift in Sources */,
				9DCCE597265282630043FA49 /* SceneDelegate.swift in Sources */,
			);
			runOnlyForDeploymentPostprocessing = 0;
		};
		9DCCE5A6265282650043FA49 /* Sources */ = {
			isa = PBXSourcesBuildPhase;
			buildActionMask = 2147483647;
			files = (
				9DCCE5AF265282650043FA49 /* RedBusTests.swift in Sources */,
			);
			runOnlyForDeploymentPostprocessing = 0;
		};
		9DCCE5B1265282650043FA49 /* Sources */ = {
			isa = PBXSourcesBuildPhase;
			buildActionMask = 2147483647;
			files = (
				9DCCE5BA265282650043FA49 /* RedBusUITests.swift in Sources */,
			);
			runOnlyForDeploymentPostprocessing = 0;
		};
/* End PBXSourcesBuildPhase section */

/* Begin PBXTargetDependency section */
		9DCCE5AC265282650043FA49 /* PBXTargetDependency */ = {
			isa = PBXTargetDependency;
			target = 9DCCE590265282630043FA49 /* RedBus */;
			targetProxy = 9DCCE5AB265282650043FA49 /* PBXContainerItemProxy */;
		};
		9DCCE5B7265282650043FA49 /* PBXTargetDependency */ = {
			isa = PBXTargetDependency;
			target = 9DCCE590265282630043FA49 /* RedBus */;
			targetProxy = 9DCCE5B6265282650043FA49 /* PBXContainerItemProxy */;
		};
/* End PBXTargetDependency section */

/* Begin PBXVariantGroup section */
		9DCCE59A265282630043FA49 /* Main.storyboard */ = {
			isa = PBXVariantGroup;
			children = (
				9DCCE59B265282630043FA49 /* Base */,
			);
			name = Main.storyboard;
			sourceTree = "<group>";
		};
		9DCCE5A2265282640043FA49 /* LaunchScreen.storyboard */ = {
			isa = PBXVariantGroup;
			children = (
				9DCCE5A3265282640043FA49 /* Base */,
			);
			name = LaunchScreen.storyboard;
			sourceTree = "<group>";
		};
/* End PBXVariantGroup section */

/* Begin XCBuildConfiguration section */
		9DCCE5BC265282650043FA49 /* Debug */ = {
			isa = XCBuildConfiguration;
			buildSettings = {
				ALWAYS_SEARCH_USER_PATHS = NO;
				CLANG_ANALYZER_NONNULL = YES;
				CLANG_ANALYZER_NUMBER_OBJECT_CONVERSION = YES_AGGRESSIVE;
				CLANG_CXX_LANGUAGE_STANDARD = "gnu++14";
				CLANG_CXX_LIBRARY = "libc++";
				CLANG_ENABLE_MODULES = YES;
				CLANG_ENABLE_OBJC_ARC = YES;
				CLANG_ENABLE_OBJC_WEAK = YES;
				CLANG_WARN_BLOCK_CAPTURE_AUTORELEASING = YES;
				CLANG_WARN_BOOL_CONVERSION = YES;
				CLANG_WARN_COMMA = YES;
				CLANG_WARN_CONSTANT_CONVERSION = YES;
				CLANG_WARN_DEPRECATED_OBJC_IMPLEMENTATIONS = YES;
				CLANG_WARN_DIRECT_OBJC_ISA_USAGE = YES_ERROR;
				CLANG_WARN_DOCUMENTATION_COMMENTS = YES;
				CLANG_WARN_EMPTY_BODY = YES;
				CLANG_WARN_ENUM_CONVERSION = YES;
				CLANG_WARN_INFINITE_RECURSION = YES;
				CLANG_WARN_INT_CONVERSION = YES;
				CLANG_WARN_NON_LITERAL_NULL_CONVERSION = YES;
				CLANG_WARN_OBJC_IMPLICIT_RETAIN_SELF = YES;
				CLANG_WARN_OBJC_LITERAL_CONVERSION = YES;
				CLANG_WARN_OBJC_ROOT_CLASS = YES_ERROR;
				CLANG_WARN_QUOTED_INCLUDE_IN_FRAMEWORK_HEADER = YES;
				CLANG_WARN_RANGE_LOOP_ANALYSIS = YES;
				CLANG_WARN_STRICT_PROTOTYPES = YES;
				CLANG_WARN_SUSPICIOUS_MOVE = YES;
				CLANG_WARN_UNGUARDED_AVAILABILITY = YES_AGGRESSIVE;
				CLANG_WARN_UNREACHABLE_CODE = YES;
				CLANG_WARN__DUPLICATE_METHOD_MATCH = YES;
				COPY_PHASE_STRIP = NO;
				DEBUG_INFORMATION_FORMAT = dwarf;
				ENABLE_STRICT_OBJC_MSGSEND = YES;
				ENABLE_TESTABILITY = YES;
				GCC_C_LANGUAGE_STANDARD = gnu11;
				GCC_DYNAMIC_NO_PIC = NO;
				GCC_NO_COMMON_BLOCKS = YES;
				GCC_OPTIMIZATION_LEVEL = 0;
				GCC_PREPROCESSOR_DEFINITIONS = (
					"DEBUG=1",
					"$(inherited)",
				);
				GCC_WARN_64_TO_32_BIT_CONVERSION = YES;
				GCC_WARN_ABOUT_RETURN_TYPE = YES_ERROR;
				GCC_WARN_UNDECLARED_SELECTOR = YES;
				GCC_WARN_UNINITIALIZED_AUTOS = YES_AGGRESSIVE;
				GCC_WARN_UNUSED_FUNCTION = YES;
				GCC_WARN_UNUSED_VARIABLE = YES;
				IPHONEOS_DEPLOYMENT_TARGET = 14.5;
				MTL_ENABLE_DEBUG_INFO = INCLUDE_SOURCE;
				MTL_FAST_MATH = YES;
				ONLY_ACTIVE_ARCH = YES;
				SDKROOT = iphoneos;
				SWIFT_ACTIVE_COMPILATION_CONDITIONS = DEBUG;
				SWIFT_OPTIMIZATION_LEVEL = "-Onone";
			};
			name = Debug;
		};
		9DCCE5BD265282650043FA49 /* Release */ = {
			isa = XCBuildConfiguration;
			buildSettings = {
				ALWAYS_SEARCH_USER_PATHS = NO;
				CLANG_ANALYZER_NONNULL = YES;
				CLANG_ANALYZER_NUMBER_OBJECT_CONVERSION = YES_AGGRESSIVE;
				CLANG_CXX_LANGUAGE_STANDARD = "gnu++14";
				CLANG_CXX_LIBRARY = "libc++";
				CLANG_ENABLE_MODULES = YES;
				CLANG_ENABLE_OBJC_ARC = YES;
				CLANG_ENABLE_OBJC_WEAK = YES;
				CLANG_WARN_BLOCK_CAPTURE_AUTORELEASING = YES;
				CLANG_WARN_BOOL_CONVERSION = YES;
				CLANG_WARN_COMMA = YES;
				CLANG_WARN_CONSTANT_CONVERSION = YES;
				CLANG_WARN_DEPRECATED_OBJC_IMPLEMENTATIONS = YES;
				CLANG_WARN_DIRECT_OBJC_ISA_USAGE = YES_ERROR;
				CLANG_WARN_DOCUMENTATION_COMMENTS = YES;
				CLANG_WARN_EMPTY_BODY = YES;
				CLANG_WARN_ENUM_CONVERSION = YES;
				CLANG_WARN_INFINITE_RECURSION = YES;
				CLANG_WARN_INT_CONVERSION = YES;
				CLANG_WARN_NON_LITERAL_NULL_CONVERSION = YES;
				CLANG_WARN_OBJC_IMPLICIT_RETAIN_SELF = YES;
				CLANG_WARN_OBJC_LITERAL_CONVERSION = YES;
				CLANG_WARN_OBJC_ROOT_CLASS = YES_ERROR;
				CLANG_WARN_QUOTED_INCLUDE_IN_FRAMEWORK_HEADER = YES;
				CLANG_WARN_RANGE_LOOP_ANALYSIS = YES;
				CLANG_WARN_STRICT_PROTOTYPES = YES;
				CLANG_WARN_SUSPICIOUS_MOVE = YES;
				CLANG_WARN_UNGUARDED_AVAILABILITY = YES_AGGRESSIVE;
				CLANG_WARN_UNREACHABLE_CODE = YES;
				CLANG_WARN__DUPLICATE_METHOD_MATCH = YES;
				COPY_PHASE_STRIP = NO;
				DEBUG_INFORMATION_FORMAT = "dwarf-with-dsym";
				ENABLE_NS_ASSERTIONS = NO;
				ENABLE_STRICT_OBJC_MSGSEND = YES;
				GCC_C_LANGUAGE_STANDARD = gnu11;
				GCC_NO_COMMON_BLOCKS = YES;
				GCC_WARN_64_TO_32_BIT_CONVERSION = YES;
				GCC_WARN_ABOUT_RETURN_TYPE = YES_ERROR;
				GCC_WARN_UNDECLARED_SELECTOR = YES;
				GCC_WARN_UNINITIALIZED_AUTOS = YES_AGGRESSIVE;
				GCC_WARN_UNUSED_FUNCTION = YES;
				GCC_WARN_UNUSED_VARIABLE = YES;
				IPHONEOS_DEPLOYMENT_TARGET = 14.5;
				MTL_ENABLE_DEBUG_INFO = NO;
				MTL_FAST_MATH = YES;
				SDKROOT = iphoneos;
				SWIFT_COMPILATION_MODE = wholemodule;
				SWIFT_OPTIMIZATION_LEVEL = "-O";
				VALIDATE_PRODUCT = YES;
			};
			name = Release;
		};
		9DCCE5BF265282650043FA49 /* Debug */ = {
			isa = XCBuildConfiguration;
			buildSettings = {
				ASSETCATALOG_COMPILER_APPICON_NAME = AppIcon;
				ASSETCATALOG_COMPILER_GLOBAL_ACCENT_COLOR_NAME = AccentColor;
				CODE_SIGN_STYLE = Automatic;
				DEVELOPMENT_TEAM = 77S45L7QZX;
				INFOPLIST_FILE = RedBus/Info.plist;
				LD_RUNPATH_SEARCH_PATHS = (
					"$(inherited)",
					"@executable_path/Frameworks",
				);
				PRODUCT_BUNDLE_IDENTIFIER = pranaychander.RedBus;
				PRODUCT_NAME = "$(TARGET_NAME)";
				SWIFT_VERSION = 5.0;
				TARGETED_DEVICE_FAMILY = "1,2";
			};
			name = Debug;
		};
		9DCCE5C0265282650043FA49 /* Release */ = {
			isa = XCBuildConfiguration;
			buildSettings = {
				ASSETCATALOG_COMPILER_APPICON_NAME = AppIcon;
				ASSETCATALOG_COMPILER_GLOBAL_ACCENT_COLOR_NAME = AccentColor;
				CODE_SIGN_STYLE = Automatic;
				DEVELOPMENT_TEAM = 77S45L7QZX;
				INFOPLIST_FILE = RedBus/Info.plist;
				LD_RUNPATH_SEARCH_PATHS = (
					"$(inherited)",
					"@executable_path/Frameworks",
				);
				PRODUCT_BUNDLE_IDENTIFIER = pranaychander.RedBus;
				PRODUCT_NAME = "$(TARGET_NAME)";
				SWIFT_VERSION = 5.0;
				TARGETED_DEVICE_FAMILY = "1,2";
			};
			name = Release;
		};
		9DCCE5C2265282650043FA49 /* Debug */ = {
			isa = XCBuildConfiguration;
			buildSettings = {
				ALWAYS_EMBED_SWIFT_STANDARD_LIBRARIES = YES;
				BUNDLE_LOADER = "$(TEST_HOST)";
				CODE_SIGN_STYLE = Automatic;
				DEVELOPMENT_TEAM = 77S45L7QZX;
				INFOPLIST_FILE = RedBusTests/Info.plist;
				IPHONEOS_DEPLOYMENT_TARGET = 14.5;
				LD_RUNPATH_SEARCH_PATHS = (
					"$(inherited)",
					"@executable_path/Frameworks",
					"@loader_path/Frameworks",
				);
				PRODUCT_BUNDLE_IDENTIFIER = pranaychander.RedBusTests;
				PRODUCT_NAME = "$(TARGET_NAME)";
				SWIFT_VERSION = 5.0;
				TARGETED_DEVICE_FAMILY = "1,2";
				TEST_HOST = "$(BUILT_PRODUCTS_DIR)/RedBus.app/RedBus";
			};
			name = Debug;
		};
		9DCCE5C3265282650043FA49 /* Release */ = {
			isa = XCBuildConfiguration;
			buildSettings = {
				ALWAYS_EMBED_SWIFT_STANDARD_LIBRARIES = YES;
				BUNDLE_LOADER = "$(TEST_HOST)";
				CODE_SIGN_STYLE = Automatic;
				DEVELOPMENT_TEAM = 77S45L7QZX;
				INFOPLIST_FILE = RedBusTests/Info.plist;
				IPHONEOS_DEPLOYMENT_TARGET = 14.5;
				LD_RUNPATH_SEARCH_PATHS = (
					"$(inherited)",
					"@executable_path/Frameworks",
					"@loader_path/Frameworks",
				);
				PRODUCT_BUNDLE_IDENTIFIER = pranaychander.RedBusTests;
				PRODUCT_NAME = "$(TARGET_NAME)";
				SWIFT_VERSION = 5.0;
				TARGETED_DEVICE_FAMILY = "1,2";
				TEST_HOST = "$(BUILT_PRODUCTS_DIR)/RedBus.app/RedBus";
			};
			name = Release;
		};
		9DCCE5C5265282650043FA49 /* Debug */ = {
			isa = XCBuildConfiguration;
			buildSettings = {
				ALWAYS_EMBED_SWIFT_STANDARD_LIBRARIES = YES;
				CODE_SIGN_STYLE = Automatic;
				DEVELOPMENT_TEAM = 77S45L7QZX;
				INFOPLIST_FILE = RedBusUITests/Info.plist;
				LD_RUNPATH_SEARCH_PATHS = (
					"$(inherited)",
					"@executable_path/Frameworks",
					"@loader_path/Frameworks",
				);
				PRODUCT_BUNDLE_IDENTIFIER = pranaychander.RedBusUITests;
				PRODUCT_NAME = "$(TARGET_NAME)";
				SWIFT_VERSION = 5.0;
				TARGETED_DEVICE_FAMILY = "1,2";
				TEST_TARGET_NAME = RedBus;
			};
			name = Debug;
		};
		9DCCE5C6265282650043FA49 /* Release */ = {
			isa = XCBuildConfiguration;
			buildSettings = {
				ALWAYS_EMBED_SWIFT_STANDARD_LIBRARIES = YES;
				CODE_SIGN_STYLE = Automatic;
				DEVELOPMENT_TEAM = 77S45L7QZX;
				INFOPLIST_FILE = RedBusUITests/Info.plist;
				LD_RUNPATH_SEARCH_PATHS = (
					"$(inherited)",
					"@executable_path/Frameworks",
					"@loader_path/Frameworks",
				);
				PRODUCT_BUNDLE_IDENTIFIER = pranaychander.RedBusUITests;
				PRODUCT_NAME = "$(TARGET_NAME)";
				SWIFT_VERSION = 5.0;
				TARGETED_DEVICE_FAMILY = "1,2";
				TEST_TARGET_NAME = RedBus;
			};
			name = Release;
		};
/* End XCBuildConfiguration section */

/* Begin XCConfigurationList section */
		9DCCE58C265282630043FA49 /* Build configuration list for PBXProject "RedBus" */ = {
			isa = XCConfigurationList;
			buildConfigurations = (
				9DCCE5BC265282650043FA49 /* Debug */,
				9DCCE5BD265282650043FA49 /* Release */,
			);
			defaultConfigurationIsVisible = 0;
			defaultConfigurationName = Release;
		};
		9DCCE5BE265282650043FA49 /* Build configuration list for PBXNativeTarget "RedBus" */ = {
			isa = XCConfigurationList;
			buildConfigurations = (
				9DCCE5BF265282650043FA49 /* Debug */,
				9DCCE5C0265282650043FA49 /* Release */,
			);
			defaultConfigurationIsVisible = 0;
			defaultConfigurationName = Release;
		};
		9DCCE5C1265282650043FA49 /* Build configuration list for PBXNativeTarget "RedBusTests" */ = {
			isa = XCConfigurationList;
			buildConfigurations = (
				9DCCE5C2265282650043FA49 /* Debug */,
				9DCCE5C3265282650043FA49 /* Release */,
			);
			defaultConfigurationIsVisible = 0;
			defaultConfigurationName = Release;
		};
		9DCCE5C4265282650043FA49 /* Build configuration list for PBXNativeTarget "RedBusUITests" */ = {
			isa = XCConfigurationList;
			buildConfigurations = (
				9DCCE5C5265282650043FA49 /* Debug */,
				9DCCE5C6265282650043FA49 /* Release */,
			);
			defaultConfigurationIsVisible = 0;
			defaultConfigurationName = Release;
		};
/* End XCConfigurationList section */

/* Begin XCVersionGroup section */
		9DCCE59D265282630043FA49 /* RedBus.xcdatamodeld */ = {
			isa = XCVersionGroup;
			children = (
				9DCCE59E265282630043FA49 /* RedBus.xcdatamodel */,
			);
			currentVersion = 9DCCE59E265282630043FA49 /* RedBus.xcdatamodel */;
			path = RedBus.xcdatamodeld;
			sourceTree = "<group>";
			versionGroupType = wrapper.xcdatamodel;
		};
/* End XCVersionGroup section */
	};
	rootObject = 9DCCE589265282630043FA49 /* Project object */;
}
